
Microsoft Visual Studio Solution File, Format Version 12.00
# Visual Studio Version 17
VisualStudioVersion = 17.0.32126.317
MinimumVisualStudioVersion = 10.0.40219.1
Project("{9A19103F-16F7-4668-BE54-9A1E7A4F7556}") = "Lab3", "lab3\Lab3.csproj", "{5BEB1588-BC12-44A0-A549-D99BFF0A88F8}"
EndProject
Project("{9A19103F-16F7-4668-BE54-9A1E7A4F7556}") = "lab5", "lab5\lab5.csproj", "{0B41889E-7A1B-4765-873B-F114AA527AC9}"
EndProject
Project("{FAE04EC0-301F-11D3-BF4B-00C04F79EFBC}") = "Lab6", "Lab6\Lab6.csproj", "{2CE37FD5-F66F-41A1-AB6E-C15C31D2D529}"
EndProject
Project("{FAE04EC0-301F-11D3-BF4B-00C04F79EFBC}") = "MathTaskClassLibrary", "Lab7\MathTaskClassLibrary\MathTaskClassLibrary.csproj", "{521A052B-56DD-4B75-91C1-D382DA2DB3BC}"
EndProject
Project("{FAE04EC0-301F-11D3-BF4B-00C04F79EFBC}") = "MathTaskClassLibraryTests", "Lab7\MathTaskClassLibraryTests\MathTaskClassLibraryTests.csproj", "{0E599B0B-4142-4EBF-8400-732D0936CB23}"
EndProject
Project("{9A19103F-16F7-4668-BE54-9A1E7A4F7556}") = "Lab1", "Lab1\Lab1.csproj", "{B0738B49-F2DE-4FF4-865C-41119E64C65A}"
EndProject
Project("{9A19103F-16F7-4668-BE54-9A1E7A4F7556}") = "Lab2", "lab2\Lab2.csproj", "{8140832A-F95A-4509-A24E-657D62F9180D}"
EndProject
Global
	GlobalSection(SolutionConfigurationPlatforms) = preSolution
		Debug|Any CPU = Debug|Any CPU
		Release|Any CPU = Release|Any CPU
	EndGlobalSection
	GlobalSection(ProjectConfigurationPlatforms) = postSolution
		{5BEB1588-BC12-44A0-A549-D99BFF0A88F8}.Debug|Any CPU.ActiveCfg = Debug|Any CPU
		{5BEB1588-BC12-44A0-A549-D99BFF0A88F8}.Debug|Any CPU.Build.0 = Debug|Any CPU
		{5BEB1588-BC12-44A0-A549-D99BFF0A88F8}.Release|Any CPU.ActiveCfg = Release|Any CPU
		{5BEB1588-BC12-44A0-A549-D99BFF0A88F8}.Release|Any CPU.Build.0 = Release|Any CPU
		{0B41889E-7A1B-4765-873B-F114AA527AC9}.Debug|Any CPU.ActiveCfg = Debug|Any CPU
		{0B41889E-7A1B-4765-873B-F114AA527AC9}.Debug|Any CPU.Build.0 = Debug|Any CPU
		{0B41889E-7A1B-4765-873B-F114AA527AC9}.Release|Any CPU.ActiveCfg = Release|Any CPU
		{0B41889E-7A1B-4765-873B-F114AA527AC9}.Release|Any CPU.Build.0 = Release|Any CPU
		{2CE37FD5-F66F-41A1-AB6E-C15C31D2D529}.Debug|Any CPU.ActiveCfg = Debug|Any CPU
		{2CE37FD5-F66F-41A1-AB6E-C15C31D2D529}.Debug|Any CPU.Build.0 = Debug|Any CPU
		{2CE37FD5-F66F-41A1-AB6E-C15C31D2D529}.Release|Any CPU.ActiveCfg = Release|Any CPU
		{2CE37FD5-F66F-41A1-AB6E-C15C31D2D529}.Release|Any CPU.Build.0 = Release|Any CPU
		{521A052B-56DD-4B75-91C1-D382DA2DB3BC}.Debug|Any CPU.ActiveCfg = Debug|Any CPU
		{521A052B-56DD-4B75-91C1-D382DA2DB3BC}.Debug|Any CPU.Build.0 = Debug|Any CPU
		{521A052B-56DD-4B75-91C1-D382DA2DB3BC}.Release|Any CPU.ActiveCfg = Release|Any CPU
		{521A052B-56DD-4B75-91C1-D382DA2DB3BC}.Release|Any CPU.Build.0 = Release|Any CPU
		{0E599B0B-4142-4EBF-8400-732D0936CB23}.Debug|Any CPU.ActiveCfg = Debug|Any CPU
		{0E599B0B-4142-4EBF-8400-732D0936CB23}.Debug|Any CPU.Build.0 = Debug|Any CPU
		{0E599B0B-4142-4EBF-8400-732D0936CB23}.Release|Any CPU.ActiveCfg = Release|Any CPU
		{0E599B0B-4142-4EBF-8400-732D0936CB23}.Release|Any CPU.Build.0 = Release|Any CPU
		{B0738B49-F2DE-4FF4-865C-41119E64C65A}.Debug|Any CPU.ActiveCfg = Debug|Any CPU
		{B0738B49-F2DE-4FF4-865C-41119E64C65A}.Debug|Any CPU.Build.0 = Debug|Any CPU
		{B0738B49-F2DE-4FF4-865C-41119E64C65A}.Release|Any CPU.ActiveCfg = Release|Any CPU
		{B0738B49-F2DE-4FF4-865C-41119E64C65A}.Release|Any CPU.Build.0 = Release|Any CPU
		{8140832A-F95A-4509-A24E-657D62F9180D}.Debug|Any CPU.ActiveCfg = Debug|Any CPU
		{8140832A-F95A-4509-A24E-657D62F9180D}.Debug|Any CPU.Build.0 = Debug|Any CPU
		{8140832A-F95A-4509-A24E-657D62F9180D}.Release|Any CPU.ActiveCfg = Release|Any CPU
		{8140832A-F95A-4509-A24E-657D62F9180D}.Release|Any CPU.Build.0 = Release|Any CPU
	EndGlobalSection
	GlobalSection(SolutionProperties) = preSolution
		HideSolutionNode = FALSE
	EndGlobalSection
	GlobalSection(ExtensibilityGlobals) = postSolution
		SolutionGuid = {08C79D4E-EF8F-4D42-B571-240FBF7D9A13}
	EndGlobalSection
EndGlobal
